
Microsoft Visual Studio Solution File, Format Version 12.00
# Visual Studio Version 17
VisualStudioVersion = 17.12.35707.178
MinimumVisualStudioVersion = 10.0.40219.1
Project("{FAE04EC0-301F-11D3-BF4B-00C04F79EFBC}") = "Api", "src\Api\Api.csproj", "{7CEF03BE-EF16-4707-8C3B-22DCC7BF94B9}"
EndProject
Project("{2150E333-8FDC-42A3-9474-1A3956D46DE8}") = "App", "App", "{6C37310D-6039-4D59-9237-5D6328B3B833}"
EndProject
Project("{2150E333-8FDC-42A3-9474-1A3956D46DE8}") = "Tests", "Tests", "{37B8DC81-BB95-4760-9391-5C24B0D50E9B}"
EndProject
Project("{FAE04EC0-301F-11D3-BF4B-00C04F79EFBC}") = "IntegrationTests", "tests\IntegrationTests\IntegrationTests.csproj", "{0FFE712F-80D0-445B-B19F-A6E4E3AB45CE}"
EndProject
Global
	GlobalSection(SolutionConfigurationPlatforms) = preSolution
		Debug|Any CPU = Debug|Any CPU
		Release|Any CPU = Release|Any CPU
	EndGlobalSection
	GlobalSection(ProjectConfigurationPlatforms) = postSolution
		{7CEF03BE-EF16-4707-8C3B-22DCC7BF94B9}.Debug|Any CPU.ActiveCfg = Debug|Any CPU
		{7CEF03BE-EF16-4707-8C3B-22DCC7BF94B9}.Debug|Any CPU.Build.0 = Debug|Any CPU
		{7CEF03BE-EF16-4707-8C3B-22DCC7BF94B9}.Release|Any CPU.ActiveCfg = Release|Any CPU
		{7CEF03BE-EF16-4707-8C3B-22DCC7BF94B9}.Release|Any CPU.Build.0 = Release|Any CPU
		{0FFE712F-80D0-445B-B19F-A6E4E3AB45CE}.Debug|Any CPU.ActiveCfg = Debug|Any CPU
		{0FFE712F-80D0-445B-B19F-A6E4E3AB45CE}.Debug|Any CPU.Build.0 = Debug|Any CPU
		{0FFE712F-80D0-445B-B19F-A6E4E3AB45CE}.Release|Any CPU.ActiveCfg = Release|Any CPU
		{0FFE712F-80D0-445B-B19F-A6E4E3AB45CE}.Release|Any CPU.Build.0 = Release|Any CPU
	EndGlobalSection
	GlobalSection(SolutionProperties) = preSolution
		HideSolutionNode = FALSE
	EndGlobalSection
	GlobalSection(NestedProjects) = preSolution
		{7CEF03BE-EF16-4707-8C3B-22DCC7BF94B9} = {6C37310D-6039-4D59-9237-5D6328B3B833}
		{0FFE712F-80D0-445B-B19F-A6E4E3AB45CE} = {37B8DC81-BB95-4760-9391-5C24B0D50E9B}
	EndGlobalSection
EndGlobal
